// !$*UTF8*$!
{
	archiveVersion = 1;
	classes = {
	};
	objectVersion = 50;
	objects = {

/* Begin PBXBuildFile section */
		A853A2A32436F0CF002FDC8E /* AppDelegate.swift in Sources */ = {isa = PBXBuildFile; fileRef = A853A2A22436F0CF002FDC8E /* AppDelegate.swift */; };
		A853A2A52436F0CF002FDC8E /* SceneDelegate.swift in Sources */ = {isa = PBXBuildFile; fileRef = A853A2A42436F0CF002FDC8E /* SceneDelegate.swift */; };
		A853A2A72436F0CF002FDC8E /* ContentView.swift in Sources */ = {isa = PBXBuildFile; fileRef = A853A2A62436F0CF002FDC8E /* ContentView.swift */; };
		A853A2A92436F0D1002FDC8E /* Assets.xcassets in Resources */ = {isa = PBXBuildFile; fileRef = A853A2A82436F0D1002FDC8E /* Assets.xcassets */; };
		A853A2AC2436F0D1002FDC8E /* Preview Assets.xcassets in Resources */ = {isa = PBXBuildFile; fileRef = A853A2AB2436F0D1002FDC8E /* Preview Assets.xcassets */; };
		A853A2AF2436F0D1002FDC8E /* LaunchScreen.storyboard in Resources */ = {isa = PBXBuildFile; fileRef = A853A2AD2436F0D1002FDC8E /* LaunchScreen.storyboard */; };
/* End PBXBuildFile section */

/* Begin PBXFileReference section */
		A853A29F2436F0CF002FDC8E /* CovidCases.app */ = {isa = PBXFileReference; explicitFileType = wrapper.application; includeInIndex = 0; path = CovidCases.app; sourceTree = BUILT_PRODUCTS_DIR; };
		A853A2A22436F0CF002FDC8E /* AppDelegate.swift */ = {isa = PBXFileReference; lastKnownFileType = sourcecode.swift; path = AppDelegate.swift; sourceTree = "<group>"; };
		A853A2A42436F0CF002FDC8E /* SceneDelegate.swift */ = {isa = PBXFileReference; lastKnownFileType = sourcecode.swift; path = SceneDelegate.swift; sourceTree = "<group>"; };
		A853A2A62436F0CF002FDC8E /* ContentView.swift */ = {isa = PBXFileReference; lastKnownFileType = sourcecode.swift; path = ContentView.swift; sourceTree = "<group>"; };
		A853A2A82436F0D1002FDC8E /* Assets.xcassets */ = {isa = PBXFileReference; lastKnownFileType = folder.assetcatalog; path = Assets.xcassets; sourceTree = "<group>"; };
		A853A2AB2436F0D1002FDC8E /* Preview Assets.xcassets */ = {isa = PBXFileReference; lastKnownFileType = folder.assetcatalog; path = "Preview Assets.xcassets"; sourceTree = "<group>"; };
		A853A2AE2436F0D1002FDC8E /* Base */ = {isa = PBXFileReference; lastKnownFileType = file.storyboard; name = Base; path = Base.lproj/LaunchScreen.storyboard; sourceTree = "<group>"; };
		A853A2B02436F0D1002FDC8E /* Info.plist */ = {isa = PBXFileReference; lastKnownFileType = text.plist.xml; path = Info.plist; sourceTree = "<group>"; };
/* End PBXFileReference section */

/* Begin PBXFrameworksBuildPhase section */
		A853A29C2436F0CF002FDC8E /* Frameworks */ = {
			isa = PBXFrameworksBuildPhase;
			buildActionMask = 2147483647;
			files = (
			);
			runOnlyForDeploymentPostprocessing = 0;
		};
/* End PBXFrameworksBuildPhase section */

/* Begin PBXGroup section */
		A853A2962436F0CF002FDC8E = {
			isa = PBXGroup;
			children = (
				A853A2A12436F0CF002FDC8E /* CovidCases */,
				A853A2A02436F0CF002FDC8E /* Products */,
			);
			sourceTree = "<group>";
		};
		A853A2A02436F0CF002FDC8E /* Products */ = {
			isa = PBXGroup;
			children = (
				A853A29F2436F0CF002FDC8E /* CovidCases.app */,
			);
			name = Products;
			sourceTree = "<group>";
		};
		A853A2A12436F0CF002FDC8E /* CovidCases */ = {
			isa = PBXGroup;
			children = (
				A853A2A22436F0CF002FDC8E /* AppDelegate.swift */,
				A853A2A42436F0CF002FDC8E /* SceneDelegate.swift */,
				A853A2A62436F0CF002FDC8E /* ContentView.swift */,
				A853A2A82436F0D1002FDC8E /* Assets.xcassets */,
				A853A2AD2436F0D1002FDC8E /* LaunchScreen.storyboard */,
				A853A2B02436F0D1002FDC8E /* Info.plist */,
				A853A2AA2436F0D1002FDC8E /* Preview Content */,
			);
			path = CovidCases;
			sourceTree = "<group>";
		};
		A853A2AA2436F0D1002FDC8E /* Preview Content */ = {
			isa = PBXGroup;
			children = (
				A853A2AB2436F0D1002FDC8E /* Preview Assets.xcassets */,
			);
			path = "Preview Content";
			sourceTree = "<group>";
		};
/* End PBXGroup section */

/* Begin PBXNativeTarget section */
		A853A29E2436F0CF002FDC8E /* CovidCases */ = {
			isa = PBXNativeTarget;
			buildConfigurationList = A853A2B32436F0D1002FDC8E /* Build configuration list for PBXNativeTarget "CovidCases" */;
			buildPhases = (
				A853A29B2436F0CF002FDC8E /* Sources */,
				A853A29C2436F0CF002FDC8E /* Frameworks */,
				A853A29D2436F0CF002FDC8E /* Resources */,
			);
			buildRules = (
			);
			dependencies = (
			);
			name = CovidCases;
			productName = CovidCases;
			productReference = A853A29F2436F0CF002FDC8E /* CovidCases.app */;
			productType = "com.apple.product-type.application";
		};
/* End PBXNativeTarget section */

/* Begin PBXProject section */
		A853A2972436F0CF002FDC8E /* Project object */ = {
			isa = PBXProject;
			attributes = {
				LastSwiftUpdateCheck = 1120;
				LastUpgradeCheck = 1120;
				ORGANIZATIONNAME = Imthath;
				TargetAttributes = {
					A853A29E2436F0CF002FDC8E = {
						CreatedOnToolsVersion = 11.2.1;
					};
				};
			};
			buildConfigurationList = A853A29A2436F0CF002FDC8E /* Build configuration list for PBXProject "CovidCases" */;
			compatibilityVersion = "Xcode 9.3";
			developmentRegion = en;
			hasScannedForEncodings = 0;
			knownRegions = (
				en,
				Base,
			);
			mainGroup = A853A2962436F0CF002FDC8E;
			productRefGroup = A853A2A02436F0CF002FDC8E /* Products */;
			projectDirPath = "";
			projectRoot = "";
			targets = (
				A853A29E2436F0CF002FDC8E /* CovidCases */,
			);
		};
/* End PBXProject section */

/* Begin PBXResourcesBuildPhase section */
		A853A29D2436F0CF002FDC8E /* Resources */ = {
			isa = PBXResourcesBuildPhase;
			buildActionMask = 2147483647;
			files = (
				A853A2AF2436F0D1002FDC8E /* LaunchScreen.storyboard in Resources */,
				A853A2AC2436F0D1002FDC8E /* Preview Assets.xcassets in Resources */,
				A853A2A92436F0D1002FDC8E /* Assets.xcassets in Resources */,
			);
			runOnlyForDeploymentPostprocessing = 0;
		};
/* End PBXResourcesBuildPhase section */

/* Begin PBXSourcesBuildPhase section */
		A853A29B2436F0CF002FDC8E /* Sources */ = {
			isa = PBXSourcesBuildPhase;
			buildActionMask = 2147483647;
			files = (
				A853A2A32436F0CF002FDC8E /* AppDelegate.swift in Sources */,
				A853A2A52436F0CF002FDC8E /* SceneDelegate.swift in Sources */,
				A853A2A72436F0CF002FDC8E /* ContentView.swift in Sources */,
			);
			runOnlyForDeploymentPostprocessing = 0;
		};
/* End PBXSourcesBuildPhase section */

/* Begin PBXVariantGroup section */
		A853A2AD2436F0D1002FDC8E /* LaunchScreen.storyboard */ = {
			isa = PBXVariantGroup;
			children = (
				A853A2AE2436F0D1002FDC8E /* Base */,
			);
			name = LaunchScreen.storyboard;
			sourceTree = "<group>";
		};
/* End PBXVariantGroup section */

/* Begin XCBuildConfiguration section */
		A853A2B12436F0D1002FDC8E /* Debug */ = {
			isa = XCBuildConfiguration;
			buildSettings = {
				ALWAYS_SEARCH_USER_PATHS = NO;
				CLANG_ANALYZER_NONNULL = YES;
				CLANG_ANALYZER_NUMBER_OBJECT_CONVERSION = YES_AGGRESSIVE;
				CLANG_CXX_LANGUAGE_STANDARD = "gnu++14";
				CLANG_CXX_LIBRARY = "libc++";
				CLANG_ENABLE_MODULES = YES;
				CLANG_ENABLE_OBJC_ARC = YES;
				CLANG_ENABLE_OBJC_WEAK = YES;
				CLANG_WARN_BLOCK_CAPTURE_AUTORELEASING = YES;
				CLANG_WARN_BOOL_CONVERSION = YES;
				CLANG_WARN_COMMA = YES;
				CLANG_WARN_CONSTANT_CONVERSION = YES;
				CLANG_WARN_DEPRECATED_OBJC_IMPLEMENTATIONS = YES;
				CLANG_WARN_DIRECT_OBJC_ISA_USAGE = YES_ERROR;
				CLANG_WARN_DOCUMENTATION_COMMENTS = YES;
				CLANG_WARN_EMPTY_BODY = YES;
				CLANG_WARN_ENUM_CONVERSION = YES;
				CLANG_WARN_INFINITE_RECURSION = YES;
				CLANG_WARN_INT_CONVERSION = YES;
				CLANG_WARN_NON_LITERAL_NULL_CONVERSION = YES;
				CLANG_WARN_OBJC_IMPLICIT_RETAIN_SELF = YES;
				CLANG_WARN_OBJC_LITERAL_CONVERSION = YES;
				CLANG_WARN_OBJC_ROOT_CLASS = YES_ERROR;
				CLANG_WARN_RANGE_LOOP_ANALYSIS = YES;
				CLANG_WARN_STRICT_PROTOTYPES = YES;
				CLANG_WARN_SUSPICIOUS_MOVE = YES;
				CLANG_WARN_UNGUARDED_AVAILABILITY = YES_AGGRESSIVE;
				CLANG_WARN_UNREACHABLE_CODE = YES;
				CLANG_WARN__DUPLICATE_METHOD_MATCH = YES;
				COPY_PHASE_STRIP = NO;
				DEBUG_INFORMATION_FORMAT = dwarf;
				ENABLE_STRICT_OBJC_MSGSEND = YES;
				ENABLE_TESTABILITY = YES;
				GCC_C_LANGUAGE_STANDARD = gnu11;
				GCC_DYNAMIC_NO_PIC = NO;
				GCC_NO_COMMON_BLOCKS = YES;
				GCC_OPTIMIZATION_LEVEL = 0;
				GCC_PREPROCESSOR_DEFINITIONS = (
					"DEBUG=1",
					"$(inherited)",
				);
				GCC_WARN_64_TO_32_BIT_CONVERSION = YES;
				GCC_WARN_ABOUT_RETURN_TYPE = YES_ERROR;
				GCC_WARN_UNDECLARED_SELECTOR = YES;
				GCC_WARN_UNINITIALIZED_AUTOS = YES_AGGRESSIVE;
				GCC_WARN_UNUSED_FUNCTION = YES;
				GCC_WARN_UNUSED_VARIABLE = YES;
				IPHONEOS_DEPLOYMENT_TARGET = 13.2;
				MTL_ENABLE_DEBUG_INFO = INCLUDE_SOURCE;
				MTL_FAST_MATH = YES;
				ONLY_ACTIVE_ARCH = YES;
				SDKROOT = iphoneos;
				SWIFT_ACTIVE_COMPILATION_CONDITIONS = DEBUG;
				SWIFT_OPTIMIZATION_LEVEL = "-Onone";
			};
			name = Debug;
		};
		A853A2B22436F0D1002FDC8E /* Release */ = {
			isa = XCBuildConfiguration;
			buildSettings = {
				ALWAYS_SEARCH_USER_PATHS = NO;
				CLANG_ANALYZER_NONNULL = YES;
				CLANG_ANALYZER_NUMBER_OBJECT_CONVERSION = YES_AGGRESSIVE;
				CLANG_CXX_LANGUAGE_STANDARD = "gnu++14";
				CLANG_CXX_LIBRARY = "libc++";
				CLANG_ENABLE_MODULES = YES;
				CLANG_ENABLE_OBJC_ARC = YES;
				CLANG_ENABLE_OBJC_WEAK = YES;
				CLANG_WARN_BLOCK_CAPTURE_AUTORELEASING = YES;
				CLANG_WARN_BOOL_CONVERSION = YES;
				CLANG_WARN_COMMA = YES;
				CLANG_WARN_CONSTANT_CONVERSION = YES;
				CLANG_WARN_DEPRECATED_OBJC_IMPLEMENTATIONS = YES;
				CLANG_WARN_DIRECT_OBJC_ISA_USAGE = YES_ERROR;
				CLANG_WARN_DOCUMENTATION_COMMENTS = YES;
				CLANG_WARN_EMPTY_BODY = YES;
				CLANG_WARN_ENUM_CONVERSION = YES;
				CLANG_WARN_INFINITE_RECURSION = YES;
				CLANG_WARN_INT_CONVERSION = YES;
				CLANG_WARN_NON_LITERAL_NULL_CONVERSION = YES;
				CLANG_WARN_OBJC_IMPLICIT_RETAIN_SELF = YES;
				CLANG_WARN_OBJC_LITERAL_CONVERSION = YES;
				CLANG_WARN_OBJC_ROOT_CLASS = YES_ERROR;
				CLANG_WARN_RANGE_LOOP_ANALYSIS = YES;
				CLANG_WARN_STRICT_PROTOTYPES = YES;
				CLANG_WARN_SUSPICIOUS_MOVE = YES;
				CLANG_WARN_UNGUARDED_AVAILABILITY = YES_AGGRESSIVE;
				CLANG_WARN_UNREACHABLE_CODE = YES;
				CLANG_WARN__DUPLICATE_METHOD_MATCH = YES;
				COPY_PHASE_STRIP = NO;
				DEBUG_INFORMATION_FORMAT = "dwarf-with-dsym";
				ENABLE_NS_ASSERTIONS = NO;
				ENABLE_STRICT_OBJC_MSGSEND = YES;
				GCC_C_LANGUAGE_STANDARD = gnu11;
				GCC_NO_COMMON_BLOCKS = YES;
				GCC_WARN_64_TO_32_BIT_CONVERSION = YES;
				GCC_WARN_ABOUT_RETURN_TYPE = YES_ERROR;
				GCC_WARN_UNDECLARED_SELECTOR = YES;
				GCC_WARN_UNINITIALIZED_AUTOS = YES_AGGRESSIVE;
				GCC_WARN_UNUSED_FUNCTION = YES;
				GCC_WARN_UNUSED_VARIABLE = YES;
				IPHONEOS_DEPLOYMENT_TARGET = 13.2;
				MTL_ENABLE_DEBUG_INFO = NO;
				MTL_FAST_MATH = YES;
				SDKROOT = iphoneos;
				SWIFT_COMPILATION_MODE = wholemodule;
				SWIFT_OPTIMIZATION_LEVEL = "-O";
				VALIDATE_PRODUCT = YES;
			};
			name = Release;
		};
		A853A2B42436F0D1002FDC8E /* Debug */ = {
			isa = XCBuildConfiguration;
			buildSettings = {
				ASSETCATALOG_COMPILER_APPICON_NAME = AppIcon;
				CODE_SIGN_STYLE = Automatic;
				DEVELOPMENT_ASSET_PATHS = "\"CovidCases/Preview Content\"";
				DEVELOPMENT_TEAM = 67T577V5Q4;
				ENABLE_PREVIEWS = YES;
				INFOPLIST_FILE = CovidCases/Info.plist;
				LD_RUNPATH_SEARCH_PATHS = (
					"$(inherited)",
					"@executable_path/Frameworks",
				);
				PRODUCT_BUNDLE_IDENTIFIER = com.imthath.CovidCases;
				PRODUCT_NAME = "$(TARGET_NAME)";
				SWIFT_VERSION = 5.0;
				TARGETED_DEVICE_FAMILY = "1,2";
			};
			name = Debug;
		};
		A853A2B52436F0D1002FDC8E /* Release */ = {
			isa = XCBuildConfiguration;
			buildSettings = {
				ASSETCATALOG_COMPILER_APPICON_NAME = AppIcon;
				CODE_SIGN_STYLE = Automatic;
				DEVELOPMENT_ASSET_PATHS = "\"CovidCases/Preview Content\"";
				DEVELOPMENT_TEAM = 67T577V5Q4;
				ENABLE_PREVIEWS = YES;
				INFOPLIST_FILE = CovidCases/Info.plist;
				LD_RUNPATH_SEARCH_PATHS = (
					"$(inherited)",
					"@executable_path/Frameworks",
				);
				PRODUCT_BUNDLE_IDENTIFIER = com.imthath.CovidCases;
				PRODUCT_NAME = "$(TARGET_NAME)";
				SWIFT_VERSION = 5.0;
				TARGETED_DEVICE_FAMILY = "1,2";
			};
			name = Release;
		};
/* End XCBuildConfiguration section */

/* Begin XCConfigurationList section */
		A853A29A2436F0CF002FDC8E /* Build configuration list for PBXProject "CovidCases" */ = {
			isa = XCConfigurationList;
			buildConfigurations = (
				A853A2B12436F0D1002FDC8E /* Debug */,
				A853A2B22436F0D1002FDC8E /* Release */,
			);
			defaultConfigurationIsVisible = 0;
			defaultConfigurationName = Release;
		};
		A853A2B32436F0D1002FDC8E /* Build configuration list for PBXNativeTarget "CovidCases" */ = {
			isa = XCConfigurationList;
			buildConfigurations = (
				A853A2B42436F0D1002FDC8E /* Debug */,
				A853A2B52436F0D1002FDC8E /* Release */,
			);
			defaultConfigurationIsVisible = 0;
			defaultConfigurationName = Release;
		};
/* End XCConfigurationList section */
	};
	rootObject = A853A2972436F0CF002FDC8E /* Project object */;
}
